
Microsoft Visual Studio Solution File, Format Version 11.00
# Visual Studio 2010
# SharpDevelop 5.1
Project("{FAE04EC0-301F-11D3-BF4B-00C04F79EFBC}") = "SelectValueSharp", "SelectValueSharp\SelectValueSharp.csproj", "{690F227D-8732-4891-A52B-DD4DFAFCBFEA}"
EndProject
Global
	GlobalSection(SolutionConfigurationPlatforms) = preSolution
		Debug|Any CPU = Debug|Any CPU
		Release|Any CPU = Release|Any CPU
	EndGlobalSection
	GlobalSection(ProjectConfigurationPlatforms) = postSolution
		{690F227D-8732-4891-A52B-DD4DFAFCBFEA}.Debug|Any CPU.ActiveCfg = Debug|Any CPU
		{690F227D-8732-4891-A52B-DD4DFAFCBFEA}.Debug|Any CPU.Build.0 = Debug|Any CPU
		{690F227D-8732-4891-A52B-DD4DFAFCBFEA}.Release|Any CPU.ActiveCfg = Release|Any CPU
		{690F227D-8732-4891-A52B-DD4DFAFCBFEA}.Release|Any CPU.Build.0 = Release|Any CPU
	EndGlobalSection
EndGlobal
